
Microsoft Visual Studio Solution File, Format Version 12.00
# Visual Studio Version 17
VisualStudioVersion = 17.0.31903.59
MinimumVisualStudioVersion = 10.0.40219.1
Project("{FAE04EC0-301F-11D3-BF4B-00C04F79EFBC}") = "StringLibrary", "StringLibrary\StringLibrary.csproj", "{B87D801B-35A5-4EC2-8817-C7A48A50BDE8}"
EndProject
Project("{FAE04EC0-301F-11D3-BF4B-00C04F79EFBC}") = "StringLibraryTest", "StringLibraryTest\StringLibraryTest.csproj", "{963FE0C1-DE40-4C6F-BF20-5AACB194FA19}"
EndProject
Global
	GlobalSection(SolutionConfigurationPlatforms) = preSolution
		Debug|Any CPU = Debug|Any CPU
		Release|Any CPU = Release|Any CPU
	EndGlobalSection
	GlobalSection(SolutionProperties) = preSolution
		HideSolutionNode = FALSE
	EndGlobalSection
	GlobalSection(ProjectConfigurationPlatforms) = postSolution
		{B87D801B-35A5-4EC2-8817-C7A48A50BDE8}.Debug|Any CPU.ActiveCfg = Debug|Any CPU
		{B87D801B-35A5-4EC2-8817-C7A48A50BDE8}.Debug|Any CPU.Build.0 = Debug|Any CPU
		{B87D801B-35A5-4EC2-8817-C7A48A50BDE8}.Release|Any CPU.ActiveCfg = Release|Any CPU
		{B87D801B-35A5-4EC2-8817-C7A48A50BDE8}.Release|Any CPU.Build.0 = Release|Any CPU
		{963FE0C1-DE40-4C6F-BF20-5AACB194FA19}.Debug|Any CPU.ActiveCfg = Debug|Any CPU
		{963FE0C1-DE40-4C6F-BF20-5AACB194FA19}.Debug|Any CPU.Build.0 = Debug|Any CPU
		{963FE0C1-DE40-4C6F-BF20-5AACB194FA19}.Release|Any CPU.ActiveCfg = Release|Any CPU
		{963FE0C1-DE40-4C6F-BF20-5AACB194FA19}.Release|Any CPU.Build.0 = Release|Any CPU
	EndGlobalSection
EndGlobal
